
Microsoft Visual Studio Solution File, Format Version 12.00
# Visual Studio Version 17
VisualStudioVersion = 17.6.33723.286
MinimumVisualStudioVersion = 10.0.40219.1
Project("{FAE04EC0-301F-11D3-BF4B-00C04F79EFBC}") = "EMediceBE", "EMediceBE\EMediceBE.csproj", "{8488B78E-7942-4084-AB26-50E7704AEAE2}"
EndProject
Global
	GlobalSection(SolutionConfigurationPlatforms) = preSolution
		Debug|Any CPU = Debug|Any CPU
		Release|Any CPU = Release|Any CPU
	EndGlobalSection
	GlobalSection(ProjectConfigurationPlatforms) = postSolution
		{8488B78E-7942-4084-AB26-50E7704AEAE2}.Debug|Any CPU.ActiveCfg = Debug|Any CPU
		{8488B78E-7942-4084-AB26-50E7704AEAE2}.Debug|Any CPU.Build.0 = Debug|Any CPU
		{8488B78E-7942-4084-AB26-50E7704AEAE2}.Release|Any CPU.ActiveCfg = Release|Any CPU
		{8488B78E-7942-4084-AB26-50E7704AEAE2}.Release|Any CPU.Build.0 = Release|Any CPU
	EndGlobalSection
	GlobalSection(SolutionProperties) = preSolution
		HideSolutionNode = FALSE
	EndGlobalSection
	GlobalSection(ExtensibilityGlobals) = postSolution
		SolutionGuid = {F4DD9E75-45B4-4339-8538-59F38C54FB5A}
	EndGlobalSection
EndGlobal
